{
  "name": "future-ocr",
  "version": "0.1.0",
  "lockfileVersion": 3,
  "requires": true,
  "packages": {
    "": {
      "name": "future-ocr",
      "version": "0.1.0",
      "dependencies": {
        "bcryptjs": "^3.0.2",
        "cookie-parser": "^1.4.7",
        "express": "^5.1.0",
        "express-rate-limit": "^8.1.0",
        "file-type": "^21.0.0",
        "helmet": "^8.1.0",
        "jsonwebtoken": "^9.0.2",
        "lucide-react": "^0.468.0",
        "multer": "^2.0.2",
        "mysql2": "^3.14.3",
        "pino": "^9.9.0",
        "pino-http": "^10.5.0",
        "react": "^19.1.1",
        "react-dom": "^19.1.1",
        "react-router-dom": "^7.8.2",
        "zod": "^4.1.5"
      },
      "devDependencies": {
        "@types/bcryptjs": "^2.4.6",
        "@types/cookie-parser": "^1.4.9",
        "@types/express": "^5.0.3",
        "@types/jsonwebtoken": "^9.0.10",
        "@types/multer": "^2.0.0",
        "@types/node": "^22.18.1",
        "@types/react": "^19.1.12",
        "@types/react-dom": "^19.1.9",
        "@vitejs/plugin-react": "^5.0.2",
        "concurrently": "^9.2.1",
        "supertest": "^7.1.4",
        "tsx": "^4.20.5",
        "typescript": "^5.9.2",
        "vite": "^7.1.4",
        "vitest": "^3.2.4"
      },
      "engines": {
        "node": ">=20"
      }
    },
    "node_modules/@babel/code-frame": {
      "version": "7.29.7",
      "resolved": "https://registry.npmjs.org/@babel/code-frame/-/code-frame-7.29.7.tgz",
      "integrity": "sha512-Aup7aUOfpbAUg2ROOJN6Iw5f9DMBlzu0mIkm/malLQFN/YQgO48wCj0Kxa3sEHJvPVFg7siR+qRInwXd2qhQKw==",
      "dev": true,
      "license": "MIT",
      "dependencies": {
        "@babel/helper-validator-identifier": "^7.29.7",
        "js-tokens": "^4.0.0",
        "picocolors": "^1.1.1"
      },
      "engines": {
        "node": ">=6.9.0"
      }
    },
    "node_modules/@babel/compat-data": {
      "version": "7.29.7",
      "resolved": "https://registry.npmjs.org/@babel/compat-data/-/compat-data-7.29.7.tgz",
      "integrity": "sha512-locTkQyKvwIEgBzVrn8693ebc97F2U8ZHjbXwDXJ5Fn2TCpNwTlKcaKLkdHop5c/icOFE7qt7Q9JC5hnKNa6Gg==",
      "dev": true,
      "license": "MIT",
      "engines": {
        "node": ">=6.9.0"
      }
    },
    "node_modules/@babel/core": {
      "version": "7.29.7",
      "resolved": "https://registry.npmjs.org/@babel/core/-/core-7.29.7.tgz",
      "integrity": "sha512-RgHBCvtjbOK2gXSNBNIkNoEc9qoVEtau3hj8gEqKQuL3HZAibKarWFEI3Lfm6EYKkLalOh8eSrj9b+ch9H/VBA==",
      "dev": true,
      "license": "MIT",
      "dependencies": {
        "@babel/code-frame": "^7.29.7",
        "@babel/generator": "^7.29.7",
        "@babel/helper-compilation-targets": "^7.29.7",
        "@babel/helper-module-transforms": "^7.29.7",
        "@babel/helpers": "^7.29.7",
        "@babel/parser": "^7.29.7",
        "@babel/template": "^7.29.7",
        "@babel/traverse": "^7.29.7",
        "@babel/types": "^7.29.7",
        "@jridgewell/remapping": "^2.3.5",
        "convert-source-map": "^2.0.0",
        "debug": "^4.1.0",
        "gensync": "^1.0.0-beta.2",
        "json5": "^2.2.3",
        "semver": "^6.3.1"
      },
      "engines": {
        "node": ">=6.9.0"
      },
      "funding": {
        "type": "opencollective",
        "url": "https://opencollective.com/babel"
      }
    },
    "node_modules/@babel/generator": {
      "version": "7.29.7",
      "resolved": "https://registry.npmwã¿y¶‰žËkºwµçVã¥¶‚æ§7‡2…VRÇ¶VæC¢ÇFó¢"ö"Æ6†–ÆG&Vã¥¶‚æ§7‚„Ç·Ò’Äæ÷fW'f–Wu×Ò’Æ‚æ§7‡2…VRÇ·Fó¢"öö¦ö'2"Æ6†–ÆG&Vã¥¶‚æ§7‚†Ö’Ç·Ò’Äæ¦ö'5×Ò’Æ‚æ§7‡2…VRÇ·Fó¢"ö÷W6vR"Æ6†–ÆG&Vã¥¶‚æ§7‚…CÇ·Ò’ÄçW6vU×Ò’Æ‚æ§7‡2…VRÇ·Fó¢"öö’Ö¶W—2"Æ6†–ÆG&Vã¥¶‚æ§7‚†VÒÇ·Ò’Äæ”¶W—5×Ò’Æ’æWF‚ç7—7FVÕ&öÆSÓÓÒ&FÖ–â"bf‚æ§7‡2…VRÇ·Fó¢"ööFÖ–â"Æ6†–ÆG&Vã¥¶‚æ§7‚†—2Ç·Ò’ÄæFÖ–å×Ò•×Ò’Æ‚æ§7‡2‚&F—b"Ç¶6Æ74æÖS¢&66÷VçB"Æ6†–ÆG&Vã¥¶‚æ§7‚‚'7G&öær"Ç¶6†–ÆG&Vã¦’çW6W"ææÖWÒ’Æ‚æ§7‚‚'6ÖÆÂ"Ç¶6†–ÆG&Vã¦’çW6W"æ÷&væ—¦F–öåöæÖWÒ’Æ‚æ§7‡2‚&'WGFöâ"Ç¶öä6Æ–6³¥2Æ6†–ÆG&Vã¥¶‚æ§7‚…#Ç·Ò’Äç6–vä÷WE×Ò•×Ò•×Ò’ÆBbf‚æ§7‚‚&'WGFöâ"Ç¶6Æ74æÖS¢'67&–Ò"Æöä6Æ–6³¢‚“ÓæÒ‚—Ò’Æ‚æ§7‡2‚&Ö–â"Ç¶6†–ÆG&Vã¥¶‚æ§7‡2‚&†VFW""Ç¶6Æ74æÖS¢'F÷&""Æ6†–ÆG&Vã¥¶‚æ§7‚‚&'WGFöâ"Ç¶6Æ74æÖS¢&–6öâÖö&–ÆR"Æöä6Æ–6³¢‚“ÓæÒ‚’Æ6†–ÆG&Vã¦‚æ§7‚…óÇ·Ò—Ò’Æ‚æ§7‚†g2Ç¶Æö6ÆS§2Ç6WDÆö6ÆS¦÷Ò•×Ò’Æ‚æ§7‡2‚F‚Ç¶6†–ÆG&Vã¥¶‚æ§7‚„æRÇ¶–æFWƒ¢ÆVÆVÖVçC¦‚æ§7‚„ÓÇ¶ÖS¦’ÆÆö6ÆS§7Ò—Ò’Æ‚æ§7‚„æRÇ·Fƒ¢&¦ö'2"ÆVÆVÖVçC¦‚æ§7‚„3Ç¶Æö6ÆS§7Ò—Ò’Æ‚æ§7‚„æRÇ·Fƒ¢&¦ö'2ó¦–B"ÆVÆVÖVçC¦‚æ§7‚„CÇ¶Æö6ÆS§7Ò—Ò’Æ‚æ§7‚„æRÇ·Fƒ¢'W6vR"ÆVÆVÖVçC¦‚æ§7‚„ãÇ¶ÖS¦’ÆÆö6ÆS§7Ò—Ò’Æ‚æ§7‚„æRÇ·Fƒ¢&’Ö¶W—2"ÆVÆVÖVçC¦‚æ§7‚…SÇ¶Æö6ÆS§7Ò—Ò’Æ‚æ§7‚„æRÇ·Fƒ¢&FÖ–â"ÆVÆVÖVçC¦’æWF‚ç7—7FVÕ&öÆSÓÓÒ&FÖ–â#ö‚æ§7‚„ƒÇ¶Æö6ÆS§7Ò“¦‚æ§7‚‡6’Ç·Fó¢"ö'Ò—Ò•×Ò•×Ò•×Ò—ÖgVæ7F–öâÓ‡¶ÖS¦’ÆÆö6ÆS§7Ò—¶6öç7E¶òÆeÓÕBçW6U7FFR…µÒ’Å¶BÆÕÓÕBçW6U7FFR‚’Å´RÄÓÕBçW6U7FFR‚’Å3Ò‚“Óç´gB‚"ö’÷cö¦ö'3öÆ–Ö—CÓb"’çF†Vâ‡cÓæb‡bæ¦ö'2’’ÄgB‚"ö’÷cö66÷VçB÷W6vR"’çF†Vâ†Ò—Ó·&WGW&âBçW6TVffV7B‚‚“Óçµ2‚—ÒÅµÒ’Æ‚æ§7‡2†VÇ·F—FÆS¢‡3ÓÓÒ&"#ò-˜]‹ŠÝŠŠ}˜½ˆÂ#¢%vVÆ6öÖRÂ"’¶’çW6W"ææÖRÇ7V'F—FÆS§3ÓÓÒ&"#ò-Š­Š}Š‹’Š}˜M˜]‹=Š­˜mŠýŠ}Š¢˜Š}˜MŠ}‹=Š­ŠíŠýŠ}˜R˜]˜b˜]˜=Š}˜b˜Š}ŠÝŠòâ#¢%G&6²Fö7VÖVçG2æBW6vRg&öÒöæRv÷&·76Râ"Æ7F–öã¦‚æ§7‡2‚&'WGFöâ"Ç¶6Æ74æÖS¢'&–Ö'’"Æöä6Æ–6³¢‚“Óä‚’Æ6†–ÆG&Vã¥¶‚æ§7‚†72Ç·Ò’Ç–U·5ÒçWÆöE×Ò’Æ6†–ÆG&Vã¥¶‚æ§7‡2‚&F—b"Ç¶6Æ74æÖS¢'W6vRÖ&""Æ6†–ÆG&Vã¥¶‚æ§7‡2‚&F—b"Ç¶6†–ÆG&Vã¥¶‚æ§7‚‚'7â"Ç¶6†–ÆG&Vã§3ÓÓÒ&"#ò-Š}‹=Š­ŠíŠýŠ}˜R˜}‹ŠrŠ}˜M‹M˜}‹#¢%F†—2ÖöçF‚'Ò’Æ‚æ§7‡2‚'7G&öær"Ç¶6†–ÆG&Vã¥¶CòçvW3óò.(
b"Â"ò"ÆCòçÆãòæÖöçF†Ç•÷vUöÆ–Ö—Cóö’çW6W"æÖöçF†Ç•÷vUöÆ–Ö—BÂ""Ç–U·5ÒçvW5×Ò•×Ò’Æ‚æ§7‚‚&’"Ç¶6†–ÆG&Vã¦‚æ§7‚‚&""Ç·7G–ÆS§·v–GFƒ¦G´ÖF‚æÖ–âƒÂ†CòçvW7ÇÃ’ò†CòçÆãòæÖöçF†Ç•÷vUöÆ–Ö—GÇÃ’£—ÒV×Ò—Ò’Æ‚æ§7‚‚&VÒ"Ç¶6†–ÆG&Vã¦’çW6W"çÆåö6öFWÒ•×Ò’Æ‚æ§7‚†ÒÇ¶¦ö'3¦òÆÆö6ÆS§7Ò’ÄRbf‚æ§7‚†æÒÇ¶Æö6ÆS§2Æ6Æ÷6S¢‚“Óä‚’ÆFöæS¢‚“Óç´‚’Å2‚—×Ò•×Ò—ÖgVæ7F–öâ3‡¶Æö6ÆS¦—Ò—¶6öç7E·2ÆõÓÕBçW6U7FFR…µÒ’Å¶bÆEÓÕBçW6U7FFR‚’ÆÓÒ‚“ÓägB‚"ö’÷cö¦ö'3öÆ–Ö—CÓS"’çF†Vâ„SÓæò„Ræ¦ö'2’“·&WGW&âBçW6TVffV7B‚‚“Óç¶Ò‚—ÒÅµÒ’Æ‚æ§7‡2†VÇ·F—FÆS§–U¶•Òæ¦ö'2Ç7V'F—FÆS¦“ÓÓÒ&"#ò-‹=ŠÍ˜BŠ}˜M˜]‹Š}˜MŠÍŠ’˜Š}˜M˜mŠ­Š}ŠmŠÂâ#¢%&ö6W76–ær†—7F÷'’æB&W7VÇG2â"Æ7F–öã¦‚æ§7‡2‚&'WGFöâ"Ç¶6Æ74æÖS¢'&–Ö'’"Æöä6Æ–6³¢‚“ÓæB‚’Æ6†–ÆG&Vã¥¶‚æ§7‚†72Ç·Ò’Ç–U¶•ÒçWÆöE×Ò’Æ6†–ÆG&Vã¥¶‚æ§7‚†ÒÇ¶¦ö'3§2ÆÆö6ÆS¦—Ò’Æbbf‚æ§7‚†æÒÇ¶Æö6ÆS¦’Æ6Æ÷6S¢‚“ÓæB‚’ÆFöæS¢‚“Óç¶B‚’ÆÒ‚—×Ò•×Ò—ÖgVæ7F–öâÒ‡¶¦ö'3¦’ÆÆö6ÆS§7Ò—·&WGW&â‚æ§7‡2‚'6V7F–öâ"Ç¶6Æ74æÖS¢'æVÂ"Æ6†–ÆG&Vã¥¶‚æ§7‚‚&ƒ""Ç¶6†–ÆG&Vã§3ÓÓÒ&"#ò-Š}˜M˜]‹=Š­˜mŠýŠ}Š¢#¢$Fö7VÖVçG2'Ò’Æ’æÆVæwFƒö’æÖ†óÓæ‚æ§7‡2…VRÇ¶6Æ74æÖS¢&¦ö"×&÷r"ÇFó¦öö¦ö'2òG¶òæ–GÖÆ6†–ÆG&Vã¥¶‚æ§7‚‚'7â"Ç¶6Æ74æÖS¢&f–ÆR"Æ6†–ÆG&Vã¦‚æ§7‚†Ö’Ç·Ò—Ò’Æ‚æ§7‡2‚'7â"Ç¶6†–ÆG&Vã¥¶‚æ§7‚‚'7G&öær"Ç¶6†–ÆG&Vã¦òæ÷&–v–æÅöæÖWÒ’Æ‚æ§7‡2‚'6ÖÆÂ"Ç¶6†–ÆG&Vã¥¶–Ò†òæ7&VFVEöBÇ2’Â"+r"ÇVÒ†òç6÷W&6Uö'—FW2’Â"+r"ÆòæÆæwVvU×Ò•×Ò’Æ‚æ§7‚†&’Ç·fÇVS¦òç7FGW2ÆÆö6ÆS§7Ò’Æ‚æ§7‚‚'7â"Ç¶6†–ÆG&Vã¦òçvUö6÷VçCöG¶òçvUö6÷VçGÒG·–U·5ÒçvW7Ö¢.(	B'Ò’Æ‚æ§7‚…‚Ç·Ò•×ÒÆòæ–B’“¦‚æ§7‡2‚&F—b"Ç¶6Æ74æÖS¢&V×G’"Æ6†–ÆG&Vã¥¶‚æ§7‚†Ö’Ç·Ò’Æ‚æ§7‚‚'7G&öær"Ç¶6†–ÆG&Vã§–U·5ÒæV×G—Ò•×Ò•×Ò—ÖgVæ7F–öâC‡¶Æö6ÆS¦—Ò—¶6öç7G¶–C§7ÓÕ#‚’Å¶òÆeÓÕBçW6U7FFR‚“¶–b…BçW6TVffV7B‚‚“Óç¶6öç7BÓÒ‚“ÓägB†ö’÷cö¦ö'2òG·7Ö’çF†Vâ†b“¶Ò‚“¶6öç7BS×6WD–çFW'fÂ†ÒÃFS2“·&WGW&â‚“Óæ6ÆV$–çFW'fÂ„R—ÒÅ·5Ò’Âò—&WGW&â‚æ§7‚†VÇ·F—FÆS¦“ÓÓÒ&"#ò-ŠÍŠ}‹˜ÒŠ}˜MŠ­ŠÝ˜]˜­˜B#¢$ÆöF–ær"Æ6†–ÆG&Vã¦‚æ§7‚‚&F—b"Ç¶6Æ74æÖS¢'6¶VÆWFöâ'Ò—Ò“¶6öç7BCÖòæ¦ö#·&WGW&â‚æ§7‚†VÇ·F—FÆS¦Bæ÷&–v–æÅöæÖRÇ7V'F—FÆS¦G¶–Ò†Bæ7&VFVEöBÆ’—Ò+rG·VÒ†Bç6÷W&6Uö'—FW2—ÖÆ7F–öã¦‚æ§7‚†&’Ç·fÇVS¦Bç7FGW2ÆÆö6ÆS¦—Ò’Æ6†–ÆG&Vã¦‚æ§7‡2‚&F—b"Ç¶6Æ74æÖS¢&FWF–Â"Æ6†–ÆG&Vã¥¶‚æ§7‡2‚'6V7F–öâ"Ç¶6Æ74æÖS¢'æVÂ&W7VÇB"Æ6†–ÆG&Vã¥¶‚æ§7‡2‚&†VFW""Ç¶6†–ÆG&Vã¥¶‚æ§7‚‚&ƒ""Ç¶6†–ÆG&Vã¦“ÓÓÒ&"#ò-Š}˜M˜m‹RŠ}˜M˜]‹=Š­Ší‹ŠÂ#¢$W‡G&7FVBFW‡B'Ò’ÆBç&W7VÇE÷FW‡Bbf‚æ§7‡2‚&'WGFöâ"Ç¶6Æ74æÖS¢'6V6öæF'’"Æöä6Æ–6³¢‚“Óææf–vF÷"æ6Æ—&ö&Bçw&—FUFW‡B†Bç&W7VÇE÷FW‡B’Æ6†–ÆG&Vã¥¶‚æ§7‚‡FÒÇ·Ò’Æ“ÓÓÒ&"#ò-˜m‹=ŠâŠ}˜M˜m‹R#¢$6÷’FW‡B%×Ò•×Ò’ÆBç7FGW3ÓÓÒ'7V66VVFVB#ö‚æ§7‚‚'&R"Ç¶F—#¢&WFò"Æ6†–ÆG&Vã¦Bç&W7VÇE÷FW‡GÇÂ$æòFW‡BFWFV7FVBâ'Ò“¦Bç7FGW3ÓÓÒ&f–ÆVB#ö‚æ§7‚‚&F—b"Ç¶6Æ74æÖS¢&W'&÷""Æ6†–ÆG&Vã¦BæW'&÷%öÖW76vWÒ“¦‚æ§7‡2‚&F—b"Ç¶6Æ74æÖS¢'&ö6W76–ær"Æ6†–ÆG&Vã¥¶‚æ§7‚‡ƒÇ·Ò’Æ“ÓÓÒ&"#ò-Š­Š­˜R˜]‹Š}˜MŠÍŠ’Š}˜M˜]‹=Š­˜mŠòâ#¢%F†RFö7VÖVçB—2&V–ær&ö6W76VBâ%×Ò•×Ò’Æ‚æ§7‡2‚&6–FR"Ç¶6Æ74æÖS¢'æVÂf7G2"Æ6†–ÆG&Vã¥¶‚æ§7‚‚&ƒ""Ç¶6†–ÆG&Vã¦“ÓÓÒ&"#ò-Š}˜MŠ­˜Š}‹]˜­˜B#¢$FWF–Ç2'Ò’Æ‚æ§7‚†f’Ç¶æÖS¦“ÓÓÒ&"#ò-Š}˜M˜M‹­Š’#¢$ÆæwVvR"ÇfÇVS¦BæÆæwVvWÒ’Æ‚æ§7‚†f’Ç¶æÖS¦“ÓÓÒ&"#ò-Š}˜M‹]˜ŠÝŠ}Š¢#¢%vW2"ÇfÇVS¦BçvUö6÷VçCóò.(	B'Ò’Æ‚æ§7‚†f’Ç¶æÖS¦“ÓÓÒ&"#ò-Š}˜MŠ½˜-Š’#¢$6öæf–FVæ6R"ÇfÇVS¦Bæ6öæf–FVæ6SöG´çVÖ&W"†Bæ6öæf–FVæ6R’çFôf—†VBƒ—ÒV¢.(	B'Ò’Æ‚æ§7‚†f’Ç¶æÖS¢%4„Ó#Sb"ÇfÇVS¦Bç6÷W&6U÷6†#Sbç6Æ–6RƒÃb’².(
b'Ò•×Ò•×Ò—Ò—ÖgVæ7F–öâæÒ‡¶Æö6ÆS¦’Æ6Æ÷6S§2ÆFöæS¦÷Ò—¶6öç7E¶bÆEÓÕBçW6U7FFR‚’Å¶ÒÄUÓÕBçW6U7FFR‚&Vær¶&"’Å´Å5ÓÕBçW6U7FFR‚""’Å·bÄõÓÕBçW6U7FFR‚’ÅóÖ7–æ2ƒÓç¶–b„‚ç&WfVçDFVfVÇB‚’Âb—&WGW&ã´ò‚“¶6öç7B£ÖæWrf÷&ÔFFµ¢æVæB‚&f–ÆR"Æb’Å¢æVæB‚&ÆæwVvR"ÆÒ“·G'—¶v—BgB‚"ö’÷cö¦ö'2"Ç¶ÖWF†öC¢%õ5B"Æ&öG“¥§Ò’Æò‚—Ö6F6‚…b—µ2…bæÖW76vR’Äò‚—×Ó·&WGW&â‚æ§7‚‚&F—b"Ç¶6Æ74æÖS¢&&6¶G&÷"Æ6†–ÆG&Vã¦‚æ§7‡2‚'6V7F–öâ"Ç¶6Æ74æÖS¢&F–Æör"Æ6†–ÆG&Vã¥¶‚æ§7‡2‚&†VFW""Ç¶6†–ÆG&Vã¥¶‚æ§7‡2‚&F—b"Ç¶6†–ÆG&Vã¥¶‚æ§7‚‚&ƒ""Ç¶6†–ÆG&Vã§–U¶•ÒçWÆöGÒ’Æ‚æ§7‚‚'"Ç¶6†–ÆG&Vã¢%ärÂ¥TrÂvV%ÂDb+rRÔ"'Ò•×Ò’Æ‚æ§7‚‚&'WGFöâ"Ç¶6Æ74æÖS¢&–6öâ"Æöä6Æ–6³§2Æ6†–ÆG&Vã¦‚æ§7‚†ÆÒÇ·Ò—Ò•×Ò’Æ‚æ§7‡2‚&f÷&Ò"Ç¶öå7V&Ö—C¥òÆ6†–ÆG&Vã¥¶‚æ§7‡2‚&Æ&VÂ"Ç¶6Æ74æÖS¢&G&÷"Æ6†–ÆG&Vã¥¶‚æ§7‚†72Ç·Ò’Æ‚æ§7‚‚'7G&öær"Ç¶6†–ÆG&Vã¦còææÖWÇÂ†“ÓÓÒ&"#ò-Š}ŠíŠ­‹˜]˜M˜Š}˜²#¢$6†ö÷6Rf–ÆR"—Ò’Æ‚æ§7‚‚&–çWB"Ç·G—S¢&f–ÆR"Æ66WC¢&–ÖvR÷ærÆ–ÖvRö§VrÆ–ÖvR÷vV'ÆÆ–6F–öâ÷Fb"Æöä6†ævS¤ƒÓæB„‚çF&vWBæf–ÆW3òå³Ò—Ò•×Ò’Æ‚æ§7‡2‚&Æ&VÂ"Ç¶6Æ74æÖS¢&f–VÆB"Æ6†–ÆG&Vã¥¶‚æ§7‚‚'7â"Ç¶6†–ÆG&Vã¦“ÓÓÒ&"#ò-˜M‹­Š’Š}˜M˜]‹=Š­˜mŠò#¢$Fö7VÖVçBÆæwVvR'Ò’Æ‚æ§7‡2‚'6VÆV7B"Ç·fÇVS¦ÒÆöä6†ævS¤ƒÓäR„‚çF&vWBçfÇVR’Æ6†–ÆG&Vã¥¶‚æ§7‚‚&÷F–öâ"Ç·fÇVS¢&Vær¶&"Æ6†–ÆG&Vã¢$VævÆ—6‚²Š}˜M‹‹Š˜­Š’'Ò’Æ‚æ§7‚‚&÷F–öâ"Ç·fÇVS¢&Vær"Æ6†–ÆG&Vã¢$VævÆ—6‚'Ò’Æ‚æ§7‚‚&÷F–öâ"Ç·fÇVS¢&&"Æ6†–ÆG&Vã¢-Š}˜M‹‹Š˜­Š’'Ò•×Ò•×Ò’Æ‚æ§7‡2‚'"Ç¶6Æ74æÖS¢'&—f7’"Æ6†–ÆG&Vã¥¶‚æ§7‚†—2Ç·Ò’Æ“ÓÓÒ&"#ò-Š}˜M˜]˜M˜Š}Š¢ŠíŠ}‹]Š’˜Š­ŠÝ‹˜Š­˜M˜-Š}Šm˜­Š}˜²â#¢$f–ÆW2&R&—fFRæBFVÆWFVBWFöÖF–6ÆÇ’â%×Ò’Äbf‚æ§7‚‚&F—b"Ç¶6Æ74æÖS¢&W'&÷""Æ6†–ÆG&Vã¤Ò’Æ‚æ§7‡2‚&fö÷FW""Ç¶6†–ÆG&Vã¥¶‚æ§7‚‚&'WGFöâ"Ç·G—S¢&'WGFöâ"Æ6Æ74æÖS¢'6V6öæF'’"Æöä6Æ–6³§2Æ6†–ÆG&Vã¦“ÓÓÒ&"#ò-Š]˜M‹­Š}Š#¢$6æ6VÂ'Ò’Æ‚æ§7‚‚&'WGFöâ"Ç¶6Æ74æÖS¢'&–Ö'’"ÆF—6&ÆVC¢gÇÇbÆ6†–ÆG&Vã§cò%WÆöF–æ~(
b#§–U¶•ÒçWÆöGÒ•×Ò•×Ò•×Ò—Ò—ÖgVæ7F–öâã‡¶ÖS¦’ÆÆö6ÆS§7Ò—¶6öç7E¶òÆeÓÕBçW6U7FFR‚“·&WGW&âBçW6TVffV7B‚‚“Óç´gB‚"ö’÷cö66÷VçB÷W6vR"’çF†Vâ†b—ÒÅµÒ’Æ‚æ§7‚†VÇ·F—FÆS§–U·5ÒçW6vRÇ7V'F—FÆS§3ÓÓÒ&"#ò-‹=ŠÍ˜BŠ}‹=Š­ŠíŠýŠ}˜R‹­˜­‹˜-Š}Š˜B˜M˜MŠ­‹Šý˜­˜Bâ#¢%F÷FÇ2g&öÒF†R–Ö×WF&ÆRW6vRÆVFvW"â"Æ6†–ÆG&Vã¦‚æ§7‡2‚&F—b"Ç¶6Æ74æÖS¢&ÖWG&–72"Æ6†–ÆG&Vã¥¶‚æ§7‚‡FÇ¶æÖS§3ÓÓÒ&"#ò-Š}˜M˜Š­‹Š’#¢%W&–öB"ÇfÇVS¦óòçW&–öCóò.(	B'Ò’Æ‚æ§7‚‡FÇ¶æÖS§3ÓÓÒ&"#ò-Š}˜M‹]˜ŠÝŠ}Š¢#¢%vW2"ÇfÇVS¦óòçvW3óò.(	B'Ò’Æ‚æ§7‚‡FÇ¶æÖS§3ÓÓÒ&"#ò-Š}˜M˜]Š­Š˜-˜¢#¢%&VÖ–æ–ær"ÇfÇVS¤ÖF‚æÖ‚ƒÂ†óòçÆãòæÖöçF†Ç•÷vUöÆ–Ö—Cóö’çW6W"æÖöçF†Ç•÷vUöÆ–Ö—B’Ò†óòçvW3óó’—Ò’Æ‚æ§7‚‡FÇ¶æÖS§3ÓÓÒ&"#ò-Š}˜MŠí‹}Š’#¢%Æâ"ÇfÇVS¦óòçÆãòçÆåö6öFSóö’çW6W"çÆåö6öFWÒ•×Ò—Ò—ÖgVæ7F–öâS‡¶Æö6ÆS¦—Ò—¶6öç7E·2ÆõÓÕBçW6U7FFR…µÒ’Å¶bÆEÓÕBçW6U7FFR‚""’Å¶ÒÄUÓÕBçW6U7FFR‚""’ÄÒ‚“ÓägB‚"ö’÷cö66÷VçBö’Ö¶W—2"’çF†Vâ‡cÓæò‡bæ¶W—2’“µBçW6TVffV7B‚‚“Óç´‚—ÒÅµÒ“¶6öç7B3Ö7–æ2cÓç·bç&WfVçDFVfVÇB‚“¶6öç7BóÖv—BgB‚"ö’÷cö66÷VçBö’Ö¶W—2"Ç¶ÖWF†öC¢%õ5B"Æ&öG“¤¥4ôâç7G&–æv–g’‡¶æÖS¦gÒ—Ò“´R„òæ¶W’ç6V7&WB’ÆB‚""’Ä‚—Ó·&WGW&â‚æ§7‚†VÇ·F—FÆS§–U¶•Òæ”¶W—2Ç7V'F—FÆS¦“ÓÓÒ&"#ò-˜]˜Š}Š­˜­ŠÒ˜M˜M˜‹]˜˜BŠ}˜MŠ‹˜]ŠÍ˜¢â#¢$7&VFVçF–Ç2f÷"&öw&ÖÖF–266W72â"Æ6†–ÆG&Vã¦‚æ§7‡2‚&F—b"Ç¶6Æ74æÖS¢&6öÇVÖç2"Æ6†–ÆG&Vã¥¶‚æ§7‡2‚'6V7F–öâ"Ç¶6Æ74æÖS¢'æVÂ"Æ6†–ÆG&Vã¥¶‚æ§7‚‚&ƒ""Ç¶6†–ÆG&Vã¦“ÓÓÒ&"#ò-Š}˜M˜]˜Š}Š­˜­ŠÒŠ}˜M˜m‹M‹}Š’#¢$7F—fR¶W—2'Ò’ÆÒbf‚æ§7‡2‚&F—b"Ç¶6Æ74æÖS¢'6V7&WB"Æ6†–ÆG&Vã¥¶‚æ§7‚‚'7G&öær"Ç¶6†–ÆG&Vã¦“ÓÓÒ&"#ò-Š}˜m‹=ŠâŠ}˜M˜]˜Š­Š}ŠÒŠ}˜MŠ-˜b#¢$6÷’F†—2¶W’æ÷r'Ò’Æ‚æ§7‚‚&6öFR"Ç¶6†–ÆG&Vã¦×Ò’Æ‚æ§7‡2‚&'WGFöâ"Ç¶6Æ74æÖS¢'6V6öæF'’"Æöä6Æ–6³¢‚“Óææf–vF÷"æ6Æ—&ö&Bçw&—FUFW‡B†Ò’Æ6†–ÆG&Vã¥¶‚æ§7‚‡FÒÇ·Ò’Â$6÷’%×Ò•×Ò’Ç2æf–ÇFW"‡cÓâbç&Wfö¶VEöB’æÖ‡cÓæ‚æ§7‡2‚&F—b"Ç¶6Æ74æÖS¢&¶W’×&÷r"Æ6†–ÆG&Vã¥¶‚æ§7‡2‚'7â"Ç¶6†–ÆG&Vã¥¶‚æ§7‚‚'7G&öær"Ç¶6†–ÆG&Vã§bææÖWÒ’Æ‚æ§7‚‚'6ÖÆÂ"Ç¶6†–ÆG&Vã¦‚æ§7‡2‚&6öFR"Ç¶6†–ÆG&Vã¥·bæ¶W•÷&Vf—‚Â.(
b%×Ò—Ò•×Ò’Æ‚æ§7‚‚&'WGFöâ"Ç¶öä6Æ–6³¦7–æ2‚“Óç¶v—BgB†ö’÷cö66÷VçBö’Ö¶W—2òG·bæ–GÖÇ¶ÖWF†öC¢$DTÄUDR'Ò’Ä‚—ÒÆ6†–ÆG&Vã¢%&Wfö¶R'Ò•×ÒÇbæ–B’•×Ò’Æ‚æ§7‡2‚&f÷&Ò"Ç¶6Æ74æÖS¢'æVÂ"Æöå7V&Ö—C¥2Æ6†–ÆG&Vã¥¶‚æ§7‚‚&ƒ""Ç¶6†–ÆG&Vã¦“ÓÓÒ&"#ò-Š]˜m‹MŠ}Š˜]˜Š­Š}ŠÒ#¢$7&VFR¶W’'Ò’Æ‚æ§7‡2‚&Æ&VÂ"Ç¶6Æ74æÖS¢&f–VÆB"Æ6†–ÆG&Vã¥¶‚æ§7‚‚'7â"Ç¶6†–ÆG&Vã¦“ÓÓÒ&"#ò-Š}‹=˜RŠ}˜M˜]˜Š­Š}ŠÒ#¢$¶W’æÖR'Ò’Æ‚æ§7‚‚&–çWB"Ç·&WV—&VC¢ÆÖ–äÆVæwFƒ£"ÇfÇVS¦bÆöä6†ævS§cÓæB‡bçF&vWBçfÇVR—Ò•×Ò’Æ‚æ§7‡2‚&'WGFöâ"Ç¶6Æ74æÖS¢'&–Ö'’"Æ6†–ÆG&Vã¥¶‚æ§7‚†VÒÇ·Ò’Â$7&VFR¶W’%×Ò•×Ò•×Ò—Ò—ÖgVæ7F–öâƒ‡¶Æö6ÆS¦—Ò—¶6öç7E·2ÆõÓÕBçW6U7FFR‚’Å¶bÆEÓÕBçW6U7FFR…µÒ“·&WGW&âBçW6TVffV7B‚‚“Óç´gB‚"ö’öFÖ–âö÷fW'f–Wr"’çF†Vâ†ò’ÄgB‚"ö’öFÖ–âö÷&væ—¦F–öç2"’çF†Vâ†ÓÓæB†Òæ÷&væ—¦F–öç2’—ÒÅµÒ’Æ‚æ§7‡2†VÇ·F—FÆS§–U¶•ÒæFÖ–âÇ7V'F—FÆS¦“ÓÓÒ&"#ò-Š]ŠýŠ}‹Š’Š}˜MŠíŠý˜]Š’Šý˜˜b‹‹‹b˜]ŠÝŠ­˜˜’Š}˜M˜]‹=Š­˜mŠýŠ}Š¢â#¢$÷W&FRF†R6W'f–6Rv—F†÷WBf–Wv–ærFö7VÖVçB6öçFVçBâ"Æ6†–ÆG&Vã¥¶‚æ§7‡2‚&F—b"Ç¶6Æ74æÖS¢&ÖWG&–72"Æ6†–ÆG&Vã¥¶‚æ§7‚‡FÇ¶æÖS¢%v÷&·76W2"ÇfÇVS§3òæ÷&væ—¦F–öç3óò.(
b'Ò’Æ‚æ§7‚‡FÇ¶æÖS¢%VWVVB"ÇfÇVS§3òçVWVSòçVWVVCóò.(
b'Ò’Æ‚æ§7‚‡FÇ¶æÖS¢$ÖöçF†Ç’vW2"ÇfÇVS§3òæÖöçF†Ç•vW3óò.(
b'Ò•×Ò’Æ‚æ§7‡2‚'6V7F–öâ"Ç¶6Æ74æÖS¢'æVÂF&ÆR"Æ6†–ÆG&Vã¥¶‚æ§7‚‚&ƒ""Ç¶6†–ÆG&Vã¢$÷&væ—¦F–öç2'Ò’Æ‚æ§7‡2‚'F&ÆR"Ç¶6†–ÆG&Vã¥¶‚æ§7‚‚'F†VB"Ç¶6†–ÆG&Vã¦‚æ§7‡2‚'G""Ç¶6†–ÆG&Vã¥¶‚æ§7‚‚'F‚"Ç¶6†–ÆG&Vã¢$æÖR'Ò’Æ‚æ§7‚‚'F‚"Ç¶6†–ÆG&Vã¢%7FGW2'Ò’Æ‚æ§7‚‚'F‚"Ç¶6†–ÆG&Vã¢%Æâ'Ò’Æ‚æ§7‚‚'F‚"Ç¶6†–ÆG&Vã¢$ÖVÖ&W'2'Ò’Æ‚æ§7‚‚'F‚"Ç¶6†–ÆG&Vã¢$¦ö'2'Ò•×Ò—Ò’Æ‚æ§7‚‚'F&öG’"Ç¶6†–ÆG&Vã¦bæÖ†ÓÓæ‚æ§7‡2‚'G""Ç¶6†–ÆG&Vã¥¶‚æ§7‡2‚'FB"Ç¶6†–ÆG&Vã¥¶‚æ§7‚‚'7G&öær"Ç¶6†–ÆG&Vã¦ÒææÖWÒ’Æ‚æ§7‚‚'6ÖÆÂ"Ç¶6†–ÆG&Vã¦Òç6ÇVwÒ•×Ò’Æ‚æ§7‚‚'FB"Ç¶6†–ÆG&Vã¦‚æ§7‚†&’Ç·fÇVS¦Òç7FGW2ÆÆö6ÆS¦—Ò—Ò’Æ‚æ§7‚‚'FB"Ç¶6†–ÆG&Vã¦ÒçÆåö6öFWÒ’Æ‚æ§7‚‚'FB"Ç¶6†–ÆG&Vã¦ÒæÖVÖ&W'7Ò’Æ‚æ§7‚‚'FB"Ç¶6†–ÆG&Vã¦Òæ¦ö'7Ò•×ÒÆÒæ–B’—Ò•×Ò•×Ò•×Ò—ÖgVæ7F–öâ¦‚‡¶ÖöFS¦’ÆÆö6ÆS§2Ç6WDÆö6ÆS¦òÆFöæS¦gÒ—¶6öç7E¶BÆÕÓÕBçW6U7FFR‚""’ÄSÖv’‚’Ä×3ÓÓÒ&""Å3Ö7–æ2cÓç·bç&WfVçDFVfVÇB‚“¶6öç7BóÔö&¦V7Bæg&öÔVçG&–W2†æWrf÷&ÔFF‡bæ7W'&VçEF&vWB’“·G'—¶v—BgB†ö’öWF‚òG¶—ÖÇ¶ÖWF†öC¢%õ5B"Æ&öG“¤¥4ôâç7G&–æv–g’„ò—Ò’Æb†v—BgB‚"ö’öWF‚öÖR"’’ÄR‚"ö"—Ö6F6‚…ò—¶Ò…òæÖW76vR—×Ó·&WGW&â‚æ§7‡2‚&F—b"Ç¶6Æ74æÖS¢&WF‚"Æ6†–ÆG&Vã¥¶‚æ§7‡2‚&†VFW""Ç¶6†–ÆG&Vã¥¶‚æ§7‡2…VRÇ·Fó¢"ò"Æ6Æ74æÖS¢&'&æB"Æ6†–ÆG&Vã¥¶‚æ§7‚‚&""Ç¶6†–ÆG&Vã¢$b'Ò’Â$gWGW&Rô5"%×Ò’Æ‚æ§7‚†g2Ç¶Æö6ÆS§2Ç6WDÆö6ÆS¦÷Ò•×Ò’Æ‚æ§7‡2‚&Ö–â"Ç¶6†–ÆG&Vã¥¶‚æ§7‚‚&ƒ"Ç¶6†–ÆG&Vã¦“ÓÓÒ&Æöv–â#ôò-Š­‹=ŠÍ˜­˜BŠ}˜MŠýŠí˜˜B#¢%6–vâ–â#¤ò-Š]˜m‹MŠ}Š˜]‹=Š}ŠÝŠ’‹˜]˜B#¢$7&VFR–÷W"v÷&·76R'Ò’Æ‚æ§7‡2‚&f÷&Ò"Ç¶öå7V&Ö—C¥2Æ6†–ÆG&Vã¥¶“ÓÓÒ'&Vv—7FW""bf‚æ§7‡2†‚äg&vÖVçBÇ¶6†–ÆG&Vã¥¶‚æ§7‡2‚&Æ&VÂ"Ç¶6Æ74æÖS¢&f–VÆB"Æ6†–ÆG&Vã¥¶‚æ§7‚‚'7â"Ç¶6†–ÆG&Vã¤ò-Š}˜MŠ}‹=˜R#¢%–÷W"æÖR'Ò’Æ‚æ§7‚‚&–çWB"Ç¶æÖS¢&æÖR"Ç&WV—&VC¢ÆÖ–äÆVæwFƒ£'Ò•×Ò’Æ‚æ§7‡2‚&Æ&VÂ"Ç¶6Æ74æÖS¢&f–VÆB"Æ6†–ÆG&Vã¥¶‚æ§7‚‚'7â"Ç¶6†–ÆG&Vã¤ò-Š}˜M˜]ŠM‹=‹=Š’#¢$÷&væ—¦F–öâ'Ò’Æ‚æ§7‚‚&–çWB"Ç¶æÖS¢&÷&væ—¦F–öäæÖR"Ç&WV—&VC¢ÆÖ–äÆVæwFƒ£'Ò•×Ò•×Ò’Æ‚æ§7‡2‚&Æ&VÂ"Ç¶6Æ74æÖS¢&f–VÆB"Æ6†–ÆG&Vã¥¶‚æ§7‚‚'7â"Ç¶6†–ÆG&Vã¤ò-Š}˜MŠ‹˜­ŠòŠ}˜MŠ]˜M˜=Š­‹˜˜m˜¢#¢$VÖ–Â'Ò’Æ‚æ§7‚‚&–çWB"Ç¶æÖS¢&VÖ–Â"ÇG—S¢&VÖ–Â"Ç&WV—&VC¢Ò•×Ò’Æ‚æ§7‡2‚&Æ&VÂ"Ç¶6Æ74æÖS¢&f–VÆB"Æ6†–ÆG&Vã¥¶‚æ§7‚‚'7â"Ç¶6†–ÆG&Vã¤ò-˜=˜M˜]Š’Š}˜M˜]‹˜‹#¢%77v÷&B'Ò’Æ‚æ§7‚‚&–çWB"Ç¶æÖS¢'77v÷&B"ÇG—S¢'77v÷&B"ÆÖ–äÆVæwFƒ£Ç&WV—&VC¢Ò•×Ò’ÆBbf‚æ§7‚‚&F—b"Ç¶6Æ74æÖS¢&W'&÷""Æ6†–ÆG&Vã¦GÒ’Æ‚æ§7‚‚&'WGFöâ"Ç¶6Æ74æÖS¢'&–Ö'’"Æ6†–ÆG&Vã¦“ÓÓÒ&Æöv–â#ôò-Š­‹=ŠÍ˜­˜BŠ}˜MŠýŠí˜˜B#¢%6–vâ–â#¤ò-Š]˜m‹MŠ}ŠŠ}˜MŠÝ‹=Š}Š‚#¢$7&VFR66÷VçB'Ò•×Ò’Æ‚æ§7‚…VRÇ·Fó¦“ÓÓÒ&Æöv–â#ò"÷&Vv—7FW"#¢"öÆöv–â"Æ6†–ÆG&Vã¦“ÓÓÒ&Æöv–â#ò$7&VFRâ66÷VçB#¢$Ç&VG’†fRâ66÷VçCò'Ò•×Ò•×Ò—ÖgVæ7F–öâ#‡¶Æö6ÆS¦’Ç6WDÆö6ÆS§7Ò—¶6öç7BóÖ“ÓÓÒ&"#·&WGW&â‚æ§7‡2‚&F—b"Ç¶6Æ74æÖS¢&ÆæF–ær"Æ6†–ÆG&Vã¥¶‚æ§7‡2‚&†VFW""Ç¶6†–ÆG&Vã¥¶‚æ§7‡2‚'7â"Ç¶6Æ74æÖS¢&'&æB"Æ6†–ÆG&Vã¥¶‚æ§7‚‚&""Ç¶6†–ÆG&Vã¢$b'Ò’Â$gWGW&Rô5"%×Ò’Æ‚æ§7‚†g2Ç¶Æö6ÆS¦’Ç6WDÆö6ÆS§7Ò’Æ‚æ§7‚…VRÇ¶6Æ74æÖS¢'6V6öæF'’"ÇFó¢"öÆöv–â"Æ6†–ÆG&Vã¦óò-Š­‹=ŠÍ˜­˜BŠ}˜MŠýŠí˜˜B#¢%6–vâ–â'Ò•×Ò’Æ‚æ§7‡2‚&Ö–â"Ç¶6†–ÆG&Vã¥¶‚æ§7‡2‚'6V7F–öâ"Ç¶6Æ74æÖS¢&†W&ò"Æ6†–ÆG&Vã¥¶‚æ§7‡2‚&F—b"Ç¶6†–ÆG&Vã¥¶‚æ§7‚‚'7â"Ç¶6†–ÆG&Vã¢$VævÆ—6‚²Š}˜M‹‹Š˜­Š’'Ò’Æ‚æ§7‚‚&ƒ"Ç¶6†–ÆG&Vã¦óò-ŠÝ˜™˜BŠ}˜M˜]‹=Š­˜mŠýŠ}Š¢Š}˜M˜]˜]‹=˜ŠÝŠ’Š]˜M˜’˜m‹R˜Š}‹mŠÒâ#¢%GW&â66ææVBFö7VÖVçG2–çFòW6&ÆRFW‡Bâ'Ò’Æ‚æ§7‚‚'"Ç¶6†–ÆG&Vã¦óò-˜]‹Š}˜MŠÍŠ’Š-˜]˜mŠ’˜M˜M‹]˜‹˜˜]˜M˜Š}Š¢DbŠŠ}˜M˜M‹­Š’Š}˜M‹‹Š˜­Š’˜Š}˜MŠ]˜mŠÍ˜M˜­‹-˜­Š’â#¢%6V7W&R&&–2æBVævÆ—6‚ô5"f÷"–ÖvW2æB66ææVBDg2â'Ò’Æ‚æ§7‡2…VRÇ¶6Æ74æÖS¢'&–Ö'’"ÇFó¢"÷&Vv—7FW""Æ6†–ÆG&Vã¥¶óò-Š]˜m‹MŠ}Š˜]‹=Š}ŠÝŠ’‹˜]˜B#¢$7&VFRv÷&·76R"Æ‚æ§7‚…‚Ç·Ò•×Ò•×Ò’Æ‚æ§7‡2‚&F—b"Ç¶6Æ74æÖS¢&FVÖò"Æ6†–ÆG&Vã¥¶‚æ§7‚†Ö’Ç·Ò’Æ‚æ§7‚‚'7G&öær"Ç¶6†–ÆG&Vã¢&–çfö–6RÓC"çFb'Ò’Æ‚æ§7‚†&’Ç·fÇVS¢'7V66VVFVB"ÆÆö6ÆS¦—Ò’Æ‚æ§7‚‚&‡""Ç·Ò’Æ‚æ§7‡2‚'"Ç¶F—#¢&WFò"Æ6†–ÆG&Vã¥²-˜Š}Š­˜‹Š’+r–çfö–6R"Æ‚æ§7‚‚&'""Ç·Ò’Â%F÷FÃ¢#ƒã¤ôB"Æ‚æ§7‚‚&'""Ç·Ò’Â$6öæf–FVæ6S¢“bãBR%×Ò•×Ò•×Ò’Æ‚æ§7‡2‚'6V7F–öâ"Ç¶6Æ74æÖS¢'&öÖ—6R"Æ6†–ÆG&Vã¥¶‚æ§7‚†—2Ç·Ò’Æ‚æ§7‡2‚&F—b"Ç¶6†–ÆG&Vã¥¶‚æ§7‚‚&ƒ""Ç¶6†–ÆG&Vã¦óò-˜]˜M˜Š}Š¢ŠíŠ}‹]ŠˆÂ˜Š}ŠÝŠ­˜Š}‹‚˜]ŠÝŠý˜Šòâ#¢%&—fFRf–ÆW2ÂÆ–Ö—FVB&WFVçF–öââ'Ò’Æ‚æ§7‚‚'"Ç¶6†–ÆG&Vã¦óò-˜MŠrŠ­ŠÝŠ­˜˜¢Š}˜M‹=ŠÍ˜MŠ}Š¢‹˜M˜’˜m‹RŠ}˜M˜]‹=Š­˜mŠýˆÂ˜Š­ŠÝ‹˜Š}˜M˜]‹]Š}Šý‹Š­˜M˜-Š}Šm˜­Š}˜²â#¢$Æöw2W†6ÇVFRFö7VÖVçBFW‡BÂæB6÷W&6W2&RFVÆWFVBWFöÖF–6ÆÇ’â'Ò•×Ò•×Ò•×Ò•×Ò—ÖgVæ7F–öâV‡·F—FÆS¦’Ç7V'F—FÆS§2Æ7F–öã¦òÆ6†–ÆG&Vã¦gÒ—·&WGW&â‚æ§7‡2‚&F—b"Ç¶6Æ74æÖS¢'vR"Æ6†–ÆG&Vã¥¶‚æ§7‡2‚&†VFW""Ç¶6Æ74æÖS¢'vRÖ†VB"Æ6†–ÆG&Vã¥¶‚æ§7‡2‚&F—b"Ç¶6†–ÆG&Vã¥¶‚æ§7‚‚&ƒ"Ç¶6†–ÆG&Vã¦—Ò’Ç2bf‚æ§7‚‚'"Ç¶6†–ÆG&Vã§7Ò•×Ò’Æõ×Ò’Æe×Ò—ÖgVæ7F–öâg2‡¶Æö6ÆS¦’Ç6WDÆö6ÆS§7Ò—·&WGW&â‚æ§7‡2‚&'WGFöâ"Ç¶6Æ74æÖS¢&Æær"Æöä6Æ–6³¢‚“Óç2†“ÓÓÒ&Vâ#ò&"#¢&Vâ"’Æ6†–ÆG&Vã¥¶‚æ§7‚‡£Ç·Ò’Æ“ÓÓÒ&Vâ#ò-Š}˜M‹‹Š˜­Š’#¢$VævÆ—6‚%×Ò—ÖgVæ7F–öâ&’‡·fÇVS¦’ÆÆö6ÆS§7Ò—·&WGW&â‚æ§7‡2‚'7â"Ç¶6Æ74æÖS¦7FGW2G¶—ÖÆ6†–ÆG&Vã¥¶‚æ§7‚‚&’"Ç·Ò’Ç–U·5Õ¶•Óóö•×Ò—ÖgVæ7F–öâf’‡¶æÖS¦’ÇfÇVS§7Ò—·&WGW&â‚æ§7‡2‚'"Ç¶6Æ74æÖS¢&f7B"Æ6†–ÆG&Vã¥¶‚æ§7‚‚'7â"Ç¶6†–ÆG&Vã¦—Ò’Æ‚æ§7‚‚'7G&öær"Ç¶6†–ÆG&Vã§7Ò•×Ò—ÖgVæ7F–öâF‡¶æÖS¦’ÇfÇVS§7Ò—·&WGW&â‚æ§7‡2‚&F—b"Ç¶6Æ74æÖS¢&ÖWG&–2"Æ6†–ÆG&Vã¥¶‚æ§7‚‚'7â"Ç¶6†–ÆG&Vã¦—Ò’Æ‚æ§7‚‚'7G&öær"Ç¶6†–ÆG&Vã§7Ò•×Ò—ÖgVæ7F–öâVÒ†’—·&WGW&â“ÃCƒSscöG²†’ó#B’çFôf—†VBƒ—Ò´&¦G²†’óCƒSsb’çFôf—†VBƒ—ÒÔ&ÖgVæ7F–öâ–Ò†’Ç2—·&WGW&âæWr–çFÂäFFUF–ÖTf÷&ÖB‡3ÓÓÒ&"#ò&"Ô¤ò#¢&VâÔt""Ç¶FFU7G–ÆS¢&ÖVF—VÒ"ÇF–ÖU7G–ÆS¢'6†÷'B'Ò’æf÷&ÖB†æWrFFR†’’—Õ‡bæ7&VFU&ö÷B†Fö7VÖVçBævWDVÆVÖVçD'”–B‚'&ö÷B"’’ç&VæFW"†‚æ§7‚„çbå7G&–7DÖöFRÇ¶6†–ÆG&Vã¦‚æ§7‚‡#Ç¶6†–ÆG&Vã¦‚æ§7‚†£Ç·Ò—Ò—Ò’“° 